<?xml version="1.0" encoding="utf-8"?>
<Project ToolsVersion="4.0" xmlns="http://schemas.microsoft.com/developer/msbuild/2003">
  <ItemGroup>
    <Filter Include="Source Files">
      <UniqueIdentifier>{4FC737F1-C7A5-4376-A066-2A32D752A2FF}</UniqueIdentifier>
      <Extensions>cpp;c;cc;cxx;c++;cppm;ixx;def;odl;idl;hpj;bat;asm;asmx</Extensions>
    </Filter>
    <Filter Include="Header Files">
      <UniqueIdentifier>{93995380-89BD-4b04-88EB-625FBE52EBFB}</UniqueIdentifier>
      <Extensions>h;hh;hpp;hxx;h++;hm;inl;inc;ipp;xsd</Extensions>
    </Filter>
    <Filter Include="Resource Files">
      <UniqueIdentifier>{67DA6AB6-F800-4c08-8B7A-83BB121AAD01}</UniqueIdentifier>
      <Extensions>rc;ico;cur;bmp;dlg;rc2;rct;bin;rgs;gif;jpg;jpeg;jpe;resx;tiff;tif;png;wav;mfcribbon-ms</Extensions>
    </Filter>
  </ItemGroup>
  <ItemGroup>
    <ClCompile Include="1_Two_Sum.cpp">
      <Filter>Source Files</Filter>
    </ClCompile>
    <ClCompile Include="20_Valid_Parentheses.cpp">
      <Filter>Source Files</Filter>
    </ClCompile>
    <ClCompile Include="21_Merge_Two_Sorted_Lists.cpp">
      <Filter>Source Files</Filter>
    </ClCompile>
    <ClCompile Include="121_Best_Time_to_Buy_and_Sell_Stock.cpp">
      <Filter>Source Files</Filter>
    </ClCompile>
    <ClCompile Include="125_Valid_Palindrome.cpp">
      <Filter>Source Files</Filter>
    </ClCompile>
    <ClCompile Include="226_Invert_Binary_Tree.cpp">
      <Filter>Source Files</Filter>
    </ClCompile>
    <ClCompile Include="242_Valid_Anagram.cpp">
      <Filter>Source Files</Filter>
    </ClCompile>
    <ClCompile Include="704_Binary_Search.cpp">
      <Filter>Source Files</Filter>
    </ClCompile>
    <ClCompile Include="733_Flood_Fill.cpp">
      <Filter>Source Files</Filter>
    </ClCompile>
    <ClCompile Include="235_Lowest_Common_Ancestor_BST.cpp">
      <Filter>Source Files</Filter>
    </ClCompile>
    <ClCompile Include="110_Balanced_Binary_Tree.cpp">
      <Filter>Source Files</Filter>
    </ClCompile>
    <ClCompile Include="141_Linked_List_Cycle.cpp">
      <Filter>Source Files</Filter>
    </ClCompile>
    <ClCompile Include="232_Implement_Queue_Using_Stacks.cpp">
      <Filter>Source Files</Filter>
    </ClCompile>
    <ClCompile Include="278_First_Bad_Version.cpp">
      <Filter>Source Files</Filter>
    </ClCompile>
    <ClCompile Include="383_Ransom_Note.cpp">
      <Filter>Source Files</Filter>
    </ClCompile>
    <ClCompile Include="70_Climbing_Stairs.cpp">
      <Filter>Source Files</Filter>
    </ClCompile>
    <ClCompile Include="409_Longest_Palindrome.cpp">
      <Filter>Source Files</Filter>
    </ClCompile>
    <ClCompile Include="206_Reverse_Linked_List.cpp">
      <Filter>Source Files</Filter>
    </ClCompile>
    <ClCompile Include="169_Majority_Element.cpp">
      <Filter>Source Files</Filter>
    </ClCompile>
    <ClCompile Include="67_Add_Binary.cpp">
      <Filter>Source Files</Filter>
    </ClCompile>
    <ClCompile Include="543_Diameter_of_Binary_Tree.cpp">
      <Filter>Source Files</Filter>
    </ClCompile>
    <ClCompile Include="876_Middle_of_Linked_List.cpp">
      <Filter>Source Files</Filter>
    </ClCompile>
    <ClCompile Include="104_Max_Depth_of_Binary_Tree.cpp">
      <Filter>Source Files</Filter>
    </ClCompile>
    <ClCompile Include="217_Contains_Duplicate.cpp">
      <Filter>Source Files</Filter>
    </ClCompile>
    <ClCompile Include="53_Max_Subarray.cpp">
      <Filter>Source Files</Filter>
    </ClCompile>
    <ClCompile Include="57_Insert_Interval.cpp">
      <Filter>Source Files</Filter>
    </ClCompile>
    <ClCompile Include="542_01_Matrix.cpp">
      <Filter>Source Files</Filter>
    </ClCompile>
    <ClCompile Include="973_K_Closest_Points_To_Origin.cpp">
      <Filter>Source Files</Filter>
    </ClCompile>
    <ClCompile Include="3_Longest_Substring_Without_Repeats.cpp">
      <Filter>Source Files</Filter>
    </ClCompile>
    <ClCompile Include="15_3Sum.cpp">
      <Filter>Source Files</Filter>
    </ClCompile>
    <ClCompile Include="102_Binary_Tree_Level_Order_Traversal.cpp">
      <Filter>Source Files</Filter>
    </ClCompile>
    <ClCompile Include="133_Clone_Graph.cpp">
      <Filter>Source Files</Filter>
    </ClCompile>
    <ClCompile Include="150_Eval_Reverse_Polish.cpp">
      <Filter>Source Files</Filter>
    </ClCompile>
    <ClCompile Include="207_Course_Schedule.cpp">
      <Filter>Source Files</Filter>
    </ClCompile>
    <ClCompile Include="208_Implement_Trie.cpp">
      <Filter>Source Files</Filter>
    </ClCompile>
    <ClCompile Include="322_Coin_Change.cpp">
      <Filter>Source Files</Filter>
    </ClCompile>
    <ClCompile Include="238_Product_of_Array_Except_Self.cpp">
      <Filter>Source Files</Filter>
    </ClCompile>
    <ClCompile Include="155_Min_Stack.cpp">
      <Filter>Source Files</Filter>
    </ClCompile>
    <ClCompile Include="98_Validate_BST.cpp">
      <Filter>Source Files</Filter>
    </ClCompile>
    <ClCompile Include="200_Number_of_Islands.cpp">
      <Filter>Source Files</Filter>
    </ClCompile>
    <ClCompile Include="994_Rotting_Oranges.cpp">
      <Filter>Source Files</Filter>
    </ClCompile>
    <ClCompile Include="33_Search_Rotated_Sorted_Array.cpp">
      <Filter>Source Files</Filter>
    </ClCompile>
    <ClCompile Include="39_Combination_Sum.cpp">
      <Filter>Source Files</Filter>
    </ClCompile>
    <ClCompile Include="46_Permutations.cpp">
      <Filter>Source Files</Filter>
    </ClCompile>
    <ClCompile Include="236_Binary_Tree_LCA.cpp">
      <Filter>Source Files</Filter>
    </ClCompile>
    <ClCompile Include="981_Time_Based_Map.cpp">
      <Filter>Source Files</Filter>
    </ClCompile>
    <ClCompile Include="721_Accounts_Merge.cpp">
      <Filter>Source Files</Filter>
    </ClCompile>
    <ClCompile Include="75_Sort_Colors.cpp">
      <Filter>Source Files</Filter>
    </ClCompile>
    <ClCompile Include="139_Word_Break.cpp">
      <Filter>Source Files</Filter>
    </ClCompile>
    <ClCompile Include="416_Partition_Equal_Subset_Sum.cpp">
      <Filter>Source Files</Filter>
    </ClCompile>
    <ClCompile Include="8_String_To_Int.cpp">
      <Filter>Source Files</Filter>
    </ClCompile>
    <ClCompile Include="54_Spiral_Matrix.cpp">
      <Filter>Source Files</Filter>
    </ClCompile>
    <ClCompile Include="78_Subsets.cpp">
      <Filter>Source Files</Filter>
    </ClCompile>
    <ClCompile Include="199_Binary_Tree_Right_Side.cpp">
      <Filter>Source Files</Filter>
    </ClCompile>
    <ClCompile Include="5_Longest_Palindromic_Substr.cpp">
      <Filter>Source Files</Filter>
    </ClCompile>
    <ClCompile Include="62_Unique_Paths.cpp">
      <Filter>Source Files</Filter>
    </ClCompile>
    <ClCompile Include="105_Construct_Binary_Tree.cpp">
      <Filter>Source Files</Filter>
    </ClCompile>
    <ClCompile Include="11_Container_Most_Water.cpp">
      <Filter>Source Files</Filter>
    </ClCompile>
    <ClCompile Include="17_Letter_Combos_Phone_Num.cpp">
      <Filter>Source Files</Filter>
    </ClCompile>
    <ClCompile Include="79_Word_Search.cpp">
      <Filter>Source Files</Filter>
    </ClCompile>
    <ClCompile Include="438_Find_All_Anagrams.cpp">
      <Filter>Source Files</Filter>
    </ClCompile>
    <ClCompile Include="310_Minimum_Height_Trees.cpp">
      <Filter>Source Files</Filter>
    </ClCompile>
    <ClCompile Include="338_Counting_Bits.cpp">
      <Filter>Source Files</Filter>
    </ClCompile>
    <ClCompile Include="191_Number_of_1_Bits.cpp">
      <Filter>Source Files</Filter>
    </ClCompile>
    <ClCompile Include="14_Longest_Common_Prefix.cpp">
      <Filter>Source Files</Filter>
    </ClCompile>
    <ClCompile Include="136_Single_Number.cpp">
      <Filter>Source Files</Filter>
    </ClCompile>
    <ClCompile Include="234_Palindrome_Linked_List.cpp">
      <Filter>Source Files</Filter>
    </ClCompile>
    <ClCompile Include="283_Move_Zeroes.cpp">
      <Filter>Source Files</Filter>
    </ClCompile>
    <ClCompile Include="101_Symmetric_Tree.cpp">
      <Filter>Source Files</Filter>
    </ClCompile>
    <ClCompile Include="268_Missing_Number.cpp">
      <Filter>Source Files</Filter>
    </ClCompile>
    <ClCompile Include="9_Palindrome_Number.cpp">
      <Filter>Source Files</Filter>
    </ClCompile>
    <ClCompile Include="108_Sorted_Array_To_BST.cpp">
      <Filter>Source Files</Filter>
    </ClCompile>
    <ClCompile Include="190_Reverse_Bits.cpp">
      <Filter>Source Files</Filter>
    </ClCompile>
    <ClCompile Include="572_Subtree_Of_Another_Tree.cpp">
      <Filter>Source Files</Filter>
    </ClCompile>
    <ClCompile Include="977_Squares_Of_Sorted_Array.cpp">
      <Filter>Source Files</Filter>
    </ClCompile>
    <ClCompile Include="739_Daily_Temperatures.cpp">
      <Filter>Source Files</Filter>
    </ClCompile>
    <ClCompile Include="198_House_Robber.cpp">
      <Filter>Source Files</Filter>
    </ClCompile>
    <ClCompile Include="134_Gas_Station.cpp">
      <Filter>Source Files</Filter>
    </ClCompile>
    <ClCompile Include="31_Next_Permutation.cpp">
      <Filter>Source Files</Filter>
    </ClCompile>
    <ClCompile Include="36_Valid_Sudoku.cpp">
      <Filter>Source Files</Filter>
    </ClCompile>
    <ClCompile Include="49_Group_Anagrams.cpp">
      <Filter>Source Files</Filter>
    </ClCompile>
    <ClCompile Include="152_Max_Product_Subarray.cpp">
      <Filter>Source Files</Filter>
    </ClCompile>
    <ClCompile Include="211_Design_Add_And_Search_Words.cpp">
      <Filter>Source Files</Filter>
    </ClCompile>
    <ClCompile Include="417_Pacific_Atlantic_Water.cpp">
      <Filter>Source Files</Filter>
    </ClCompile>
    <ClCompile Include="19_Remove_Nth_Node_From_LL_End.cpp">
      <Filter>Source Files</Filter>
    </ClCompile>
    <ClCompile Include="287_Find_Duplicate_Number.cpp">
      <Filter>Source Files</Filter>
    </ClCompile>
    <ClCompile Include="692_Top_K_Freq_Words.cpp">
      <Filter>Source Files</Filter>
    </ClCompile>
    <ClCompile Include="300_Longest_Increasing_Subsequence.cpp">
      <Filter>Source Files</Filter>
    </ClCompile>
    <ClCompile Include="210_Course_Schedule_II.cpp">
      <Filter>Source Files</Filter>
    </ClCompile>
    <ClCompile Include="24_Swap_Nodes_In_Pairs.cpp">
      <Filter>Source Files</Filter>
    </ClCompile>
    <ClCompile Include="113_Path_Sum_II.cpp">
      <Filter>Source Files</Filter>
    </ClCompile>
    <ClCompile Include="128_Longest_Consecutive_Sequence.cpp">
      <Filter>Source Files</Filter>
    </ClCompile>
    <ClCompile Include="189_Rotate_Array.cpp">
      <Filter>Source Files</Filter>
    </ClCompile>
    <ClCompile Include="328_Odd_Even_LL.cpp">
      <Filter>Source Files</Filter>
    </ClCompile>
    <ClCompile Include="394_Decode_String.cpp">
      <Filter>Source Files</Filter>
    </ClCompile>
    <ClCompile Include="525_Contiguous_Array.cpp">
      <Filter>Source Files</Filter>
    </ClCompile>
    <ClCompile Include="662_Maximum_Width_of_BT.cpp">
      <Filter>Source Files</Filter>
    </ClCompile>
    <ClCompile Include="658_Find_K_Closest_Elements.cpp">
      <Filter>Source Files</Filter>
    </ClCompile>
    <ClCompile Include="424_Longest_Repeating_Character_Replacement.cpp">
      <Filter>Source Files</Filter>
    </ClCompile>
    <ClCompile Include="55_Jump_Game.cpp">
      <Filter>Source Files</Filter>
    </ClCompile>
    <ClCompile Include="2_Add_Two_Numbers.cpp">
      <Filter>Source Files</Filter>
    </ClCompile>
    <ClCompile Include="22_Generate_Parentheses.cpp">
      <Filter>Source Files</Filter>
    </ClCompile>
    <ClCompile Include="148_Sort_List.cpp">
      <Filter>Source Files</Filter>
    </ClCompile>
    <ClCompile Include="560_Subarray_Sum_Equals_K.cpp">
      <Filter>Source Files</Filter>
    </ClCompile>
    <ClCompile Include="735_Asteroid_Collision.cpp">
      <Filter>Source Files</Filter>
    </ClCompile>
    <ClCompile Include="528_Random_Pick_With_Weight.cpp">
      <Filter>Source Files</Filter>
    </ClCompile>
    <ClCompile Include="215_Kth_Largest_Element_In_Array.cpp">
      <Filter>Source Files</Filter>
    </ClCompile>
    <ClCompile Include="221_Maximal_Square.cpp">
      <Filter>Source Files</Filter>
    </ClCompile>
    <ClCompile Include="48_Rotate_Image.cpp">
      <Filter>Source Files</Filter>
    </ClCompile>
    <ClCompile Include="103_BT_Zig_Zag_LOT.cpp">
      <Filter>Source Files</Filter>
    </ClCompile>
    <ClCompile Include="437_Path_Sum_III.cpp">
      <Filter>Source Files</Filter>
    </ClCompile>
    <ClCompile Include="50_Pow.cpp">
      <Filter>Source Files</Filter>
    </ClCompile>
    <ClCompile Include="74_Search_2D_Matrix.cpp">
      <Filter>Source Files</Filter>
    </ClCompile>
    <ClCompile Include="179_Largest_Number.cpp">
      <Filter>Source Files</Filter>
    </ClCompile>
    <ClCompile Include="91_Decode_Ways.cpp">
      <Filter>Source Files</Filter>
    </ClCompile>
    <ClCompile Include="7_Reverse_Integer.cpp">
      <Filter>Source Files</Filter>
    </ClCompile>
    <ClCompile Include="73_Set_Matrix_Zeroes.cpp">
      <Filter>Source Files</Filter>
    </ClCompile>
    <ClCompile Include="143_Reorder_List.cpp">
      <Filter>Source Files</Filter>
    </ClCompile>
    <ClCompile Include="787_Cheapest_Flights_Within_K_Stops.cpp">
      <Filter>Source Files</Filter>
    </ClCompile>
    <ClCompile Include="863_All_Nodes_Distance_K_In_BT.cpp">
      <Filter>Source Files</Filter>
    </ClCompile>
    <ClCompile Include="16_3Sum_Closest.cpp">
      <Filter>Source Files</Filter>
    </ClCompile>
    <ClCompile Include="61_Rotate_List.cpp">
      <Filter>Source Files</Filter>
    </ClCompile>
    <ClCompile Include="153_Find_Min_In_Rotated_Sorted_Array.cpp">
      <Filter>Source Files</Filter>
    </ClCompile>
    <ClCompile Include="227_Basic_Calculator_II.cpp">
      <Filter>Source Files</Filter>
    </ClCompile>
    <ClCompile Include="377_Combination_Sum_IV.cpp">
      <Filter>Source Files</Filter>
    </ClCompile>
    <ClCompile Include="380_Insert_Delete_GetRandom.cpp">
      <Filter>Source Files</Filter>
    </ClCompile>
    <ClCompile Include="BinaryTree.cpp">
      <Filter>Source Files</Filter>
    </ClCompile>
    <ClCompile Include="LinkedList.cpp">
      <Filter>Source Files</Filter>
    </ClCompile>
    <ClCompile Include="Graph.cpp">
      <Filter>Source Files</Filter>
    </ClCompile>
    <ClCompile Include="MinStack.cpp">
      <Filter>Source Files</Filter>
    </ClCompile>
    <ClCompile Include="TimeMap.cpp">
      <Filter>Source Files</Filter>
    </ClCompile>
    <ClCompile Include="RandomizedSet.cpp">
      <Filter>Source Files</Filter>
    </ClCompile>
    <ClCompile Include="RandomPickWeighted.cpp">
      <Filter>Source Files</Filter>
    </ClCompile>
    <ClCompile Include="Trie.cpp">
      <Filter>Source Files</Filter>
    </ClCompile>
    <ClCompile Include="TrieNode.cpp">
      <Filter>Source Files</Filter>
    </ClCompile>
    <ClCompile Include="WordDictionary.cpp">
      <Filter>Source Files</Filter>
    </ClCompile>
    <ClCompile Include="621_Task_Scheduler.cpp">
      <Filter>Source Files</Filter>
    </ClCompile>
    <ClCompile Include="LRUCache.cpp">
      <Filter>Source Files</Filter>
    </ClCompile>
    <ClCompile Include="146_LRU_Cache.cpp">
      <Filter>Source Files</Filter>
    </ClCompile>
    <ClCompile Include="230_Kth_Smallest_Element_In_A_BST.cpp">
      <Filter>Source Files</Filter>
    </ClCompile>
    <ClCompile Include="56_Merge_Intervals.cpp">
      <Filter>Source Files</Filter>
    </ClCompile>
    <ClCompile Include="435_Non-Overlapping_Intervals.cpp">
      <Filter>Source Files</Filter>
    </ClCompile>
    <ClCompile Include="13_Roman_To_Integer.cpp">
      <Filter>Source Files</Filter>
    </ClCompile>
    <ClCompile Include="844_Backspace_String_Compare.cpp">
      <Filter>Source Files</Filter>
    </ClCompile>
    <ClCompile Include="100_Same_Tree.cpp">
      <Filter>Source Files</Filter>
    </ClCompile>
    <ClCompile Include="76_Minimum_Window_Substring.cpp">
      <Filter>Source Files</Filter>
    </ClCompile>
    <ClCompile Include="297_Serialize_And_Deserialize_BT.cpp">
      <Filter>Source Files</Filter>
    </ClCompile>
    <ClCompile Include="TreeCodec.cpp">
      <Filter>Source Files</Filter>
    </ClCompile>
    <ClCompile Include="42_Trapping_Rain_Water.cpp">
      <Filter>Source Files</Filter>
    </ClCompile>
    <ClCompile Include="MedianFinder.cpp">
      <Filter>Source Files</Filter>
    </ClCompile>
    <ClCompile Include="295_Find_Median_From_Data_Stream.cpp">
      <Filter>Source Files</Filter>
    </ClCompile>
    <ClCompile Include="127_Word_Ladder.cpp">
      <Filter>Source Files</Filter>
    </ClCompile>
    <ClCompile Include="224_Basic_Calculator.cpp">
      <Filter>Source Files</Filter>
    </ClCompile>
    <ClCompile Include="1235_Maximum_Profit_In_Job_Scheduling.cpp">
      <Filter>Source Files</Filter>
    </ClCompile>
    <ClCompile Include="23_Merge_K_Sorted_Lists.cpp">
      <Filter>Source Files</Filter>
    </ClCompile>
    <ClCompile Include="84_Largest_Rectangle_In_Histogram.cpp">
      <Filter>Source Files</Filter>
    </ClCompile>
    <ClCompile Include="124_Binary_Tree_Maximum_Path_Sum.cpp">
      <Filter>Source Files</Filter>
    </ClCompile>
    <ClCompile Include="895_Maximum_Frequency_Stack.cpp">
      <Filter>Source Files</Filter>
    </ClCompile>
    <ClCompile Include="FreqStack.cpp">
      <Filter>Source Files</Filter>
    </ClCompile>
    <ClCompile Include="4_Median_Of_Two_Sorted_Arrays.cpp">
      <Filter>Source Files</Filter>
    </ClCompile>
    <ClCompile Include="329_Longest_Increasing_Path_In_A_Matrix.cpp">
      <Filter>Source Files</Filter>
    </ClCompile>
    <ClCompile Include="32_Longest_Valid_Parentheses.cpp">
      <Filter>Source Files</Filter>
    </ClCompile>
    <ClCompile Include="WSTrie.cpp">
      <Filter>Source Files</Filter>
    </ClCompile>
    <ClCompile Include="212_Word_Search_II.cpp">
      <Filter>Source Files</Filter>
    </ClCompile>
    <ClCompile Include="815_Bus_Routes.cpp">
      <Filter>Source Files</Filter>
    </ClCompile>
    <ClCompile Include="239_Sliding_Window_Maximum.cpp">
      <Filter>Source Files</Filter>
    </ClCompile>
    <ClCompile Include="336_Palindrome_Pairs.cpp">
      <Filter>Source Files</Filter>
    </ClCompile>
    <ClCompile Include="25_Reverse_Nodes_In_k-Group.cpp">
      <Filter>Source Files</Filter>
    </ClCompile>
    <ClCompile Include="37_Sudoku_Solver.cpp">
      <Filter>Source Files</Filter>
    </ClCompile>
    <ClCompile Include="SudokuMask.cpp">
      <Filter>Source Files</Filter>
    </ClCompile>
    <ClCompile Include="41_First_Missing_Positive.cpp">
      <Filter>Source Files</Filter>
    </ClCompile>
    <ClCompile Include="51_N_Queens.cpp">
      <Filter>Source Files</Filter>
    </ClCompile>
    <ClCompile Include="632_Smallest_Range_Covering_K_Lists.cpp">
      <Filter>Source Files</Filter>
    </ClCompile>
    <ClCompile Include="6_Zigzag_Conversion.cpp">
      <Filter>Source Files</Filter>
    </ClCompile>
    <ClCompile Include="12_Integer_To_Roman.cpp">
      <Filter>Source Files</Filter>
    </ClCompile>
    <ClCompile Include="10_Regular_Expression_Match.cpp">
      <Filter>Source Files</Filter>
    </ClCompile>
    <ClCompile Include="18_4Sum.cpp">
      <Filter>Source Files</Filter>
    </ClCompile>
    <ClCompile Include="28_Find_First_String_Occurrence_Index.cpp">
      <Filter>Source Files</Filter>
    </ClCompile>
    <ClCompile Include="29_Divide_Two_Integers.cpp">
      <Filter>Source Files</Filter>
    </ClCompile>
    <ClCompile Include="30_Substring_With_Concat_Of_All_Words.cpp">
      <Filter>Source Files</Filter>
    </ClCompile>
    <ClCompile Include="34_First_Last_Positions_Sorted_Array.cpp">
      <Filter>Source Files</Filter>
    </ClCompile>
    <ClCompile Include="35_Search_Insert_Position.cpp">
      <Filter>Source Files</Filter>
    </ClCompile>
    <ClCompile Include="38_Count_And_Say.cpp">
      <Filter>Source Files</Filter>
    </ClCompile>
    <ClCompile Include="Combination_Sum_II.cpp">
      <Filter>Source Files</Filter>
    </ClCompile>
    <ClCompile Include="43_Multiply_Strings.cpp">
      <Filter>Source Files</Filter>
    </ClCompile>
    <ClCompile Include="44_Wildcard_Matching.cpp">
      <Filter>Source Files</Filter>
    </ClCompile>
    <ClCompile Include="45_Jump_Game_II.cpp">
      <Filter>Source Files</Filter>
    </ClCompile>
    <ClCompile Include="47_Permutations_II.cpp">
      <Filter>Source Files</Filter>
    </ClCompile>
    <ClCompile Include="58_Length_Of_Last_Word.cpp">
      <Filter>Source Files</Filter>
    </ClCompile>
    <ClCompile Include="59_Spiral_Matrix_II.cpp">
      <Filter>Source Files</Filter>
    </ClCompile>
    <ClCompile Include="52_N_Queens_II.cpp">
      <Filter>Source Files</Filter>
    </ClCompile>
    <ClCompile Include="60_Permutation_Sequence.cpp">
      <Filter>Source Files</Filter>
    </ClCompile>
    <ClCompile Include="63_Unique_Paths_II.cpp">
      <Filter>Source Files</Filter>
    </ClCompile>
    <ClCompile Include="64_Minimum_Path_Sum.cpp">
      <Filter>Source Files</Filter>
    </ClCompile>
  </ItemGroup>
  <ItemGroup>
    <ClInclude Include="BinaryTree.h">
      <Filter>Header Files</Filter>
    </ClInclude>
    <ClInclude Include="TreeNode.h">
      <Filter>Header Files</Filter>
    </ClInclude>
    <ClInclude Include="ListNode.h">
      <Filter>Header Files</Filter>
    </ClInclude>
    <ClInclude Include="LinkedList.h">
      <Filter>Header Files</Filter>
    </ClInclude>
    <ClInclude Include="Node.h">
      <Filter>Header Files</Filter>
    </ClInclude>
    <ClInclude Include="Graph.h">
      <Filter>Header Files</Filter>
    </ClInclude>
    <ClInclude Include="TrieNode.h">
      <Filter>Header Files</Filter>
    </ClInclude>
    <ClInclude Include="Trie.h">
      <Filter>Header Files</Filter>
    </ClInclude>
    <ClInclude Include="MinStack.h">
      <Filter>Header Files</Filter>
    </ClInclude>
    <ClInclude Include="TimeMap.h">
      <Filter>Header Files</Filter>
    </ClInclude>
    <ClInclude Include="DisjointSet.h">
      <Filter>Header Files</Filter>
    </ClInclude>
    <ClInclude Include="WordDictionary.h">
      <Filter>Header Files</Filter>
    </ClInclude>
    <ClInclude Include="RandomPickWeighted.h">
      <Filter>Header Files</Filter>
    </ClInclude>
    <ClInclude Include="RandomizedSet.h">
      <Filter>Header Files</Filter>
    </ClInclude>
    <ClInclude Include="CacheNode.h">
      <Filter>Header Files</Filter>
    </ClInclude>
    <ClInclude Include="LRUCache.h">
      <Filter>Header Files</Filter>
    </ClInclude>
    <ClInclude Include="TreeCodec.h">
      <Filter>Header Files</Filter>
    </ClInclude>
    <ClInclude Include="MedianFinder.h">
      <Filter>Header Files</Filter>
    </ClInclude>
    <ClInclude Include="FreqStack.h">
      <Filter>Header Files</Filter>
    </ClInclude>
    <ClInclude Include="WSTrie.h">
      <Filter>Header Files</Filter>
    </ClInclude>
    <ClInclude Include="SudokuMask.h">
      <Filter>Header Files</Filter>
    </ClInclude>
  </ItemGroup>
</Project>