<?xml version="1.0" encoding="utf-8"?>
<Project ToolsVersion="4.0" xmlns="http://schemas.microsoft.com/developer/msbuild/2003">
  <ItemGroup>
    <Filter Include="Source Files">
      <UniqueIdentifier>{4FC737F1-C7A5-4376-A066-2A32D752A2FF}</UniqueIdentifier>
      <Extensions>cpp;c;cc;cxx;c++;cppm;ixx;def;odl;idl;hpj;bat;asm;asmx</Extensions>
    </Filter>
    <Filter Include="Header Files">
      <UniqueIdentifier>{93995380-89BD-4b04-88EB-625FBE52EBFB}</UniqueIdentifier>
      <Extensions>h;hh;hpp;hxx;h++;hm;inl;inc;ipp;xsd</Extensions>
    </Filter>
    <Filter Include="Resource Files">
      <UniqueIdentifier>{67DA6AB6-F800-4c08-8B7A-83BB121AAD01}</UniqueIdentifier>
      <Extensions>rc;ico;cur;bmp;dlg;rc2;rct;bin;rgs;gif;jpg;jpeg;jpe;resx;tiff;tif;png;wav;mfcribbon-ms</Extensions>
    </Filter>
  </ItemGroup>
  <ItemGroup>
    <ClCompile Include="1_Two_Sum.cpp">
      <Filter>Source Files</Filter>
    </ClCompile>
    <ClCompile Include="20_Valid_Parentheses.cpp">
      <Filter>Source Files</Filter>
    </ClCompile>
    <ClCompile Include="21_Merge_Two_Sorted_Lists.cpp">
      <Filter>Source Files</Filter>
    </ClCompile>
    <ClCompile Include="121_Best_Time_to_Buy_and_Sell_Stock.cpp">
      <Filter>Source Files</Filter>
    </ClCompile>
    <ClCompile Include="125_Valid_Palindrome.cpp">
      <Filter>Source Files</Filter>
    </ClCompile>
    <ClCompile Include="226_Invert_Binary_Tree.cpp">
      <Filter>Source Files</Filter>
    </ClCompile>
    <ClCompile Include="242_Valid_Anagram.cpp">
      <Filter>Source Files</Filter>
    </ClCompile>
    <ClCompile Include="704_Binary_Search.cpp">
      <Filter>Source Files</Filter>
    </ClCompile>
    <ClCompile Include="733_Flood_Fill.cpp">
      <Filter>Source Files</Filter>
    </ClCompile>
    <ClCompile Include="235_Lowest_Common_Ancestor_BST.cpp">
      <Filter>Source Files</Filter>
    </ClCompile>
    <ClCompile Include="110_Balanced_Binary_Tree.cpp">
      <Filter>Source Files</Filter>
    </ClCompile>
    <ClCompile Include="141_Linked_List_Cycle.cpp">
      <Filter>Source Files</Filter>
    </ClCompile>
    <ClCompile Include="232_Implement_Queue_Using_Stacks.cpp">
      <Filter>Source Files</Filter>
    </ClCompile>
    <ClCompile Include="278_First_Bad_Version.cpp">
      <Filter>Source Files</Filter>
    </ClCompile>
    <ClCompile Include="383_Ransom_Note.cpp">
      <Filter>Source Files</Filter>
    </ClCompile>
    <ClCompile Include="70_Climbing_Stairs.cpp">
      <Filter>Source Files</Filter>
    </ClCompile>
    <ClCompile Include="409_Longest_Palindrome.cpp">
      <Filter>Source Files</Filter>
    </ClCompile>
    <ClCompile Include="206_Reverse_Linked_List.cpp">
      <Filter>Source Files</Filter>
    </ClCompile>
    <ClCompile Include="169_Majority_Element.cpp">
      <Filter>Source Files</Filter>
    </ClCompile>
    <ClCompile Include="67_Add_Binary.cpp">
      <Filter>Source Files</Filter>
    </ClCompile>
    <ClCompile Include="543_Diameter_of_Binary_Tree.cpp">
      <Filter>Source Files</Filter>
    </ClCompile>
    <ClCompile Include="876_Middle_of_Linked_List.cpp">
      <Filter>Source Files</Filter>
    </ClCompile>
    <ClCompile Include="104_Max_Depth_of_Binary_Tree.cpp">
      <Filter>Source Files</Filter>
    </ClCompile>
    <ClCompile Include="217_Contains_Duplicate.cpp">
      <Filter>Source Files</Filter>
    </ClCompile>
    <ClCompile Include="53_Max_Subarray.cpp">
      <Filter>Source Files</Filter>
    </ClCompile>
    <ClCompile Include="57_Insert_Interval.cpp">
      <Filter>Source Files</Filter>
    </ClCompile>
    <ClCompile Include="542_01_Matrix.cpp">
      <Filter>Source Files</Filter>
    </ClCompile>
    <ClCompile Include="973_K_Closest_Points_To_Origin.cpp">
      <Filter>Source Files</Filter>
    </ClCompile>
    <ClCompile Include="3_Longest_Substring_Without_Repeats.cpp">
      <Filter>Source Files</Filter>
    </ClCompile>
    <ClCompile Include="15_3Sum.cpp">
      <Filter>Source Files</Filter>
    </ClCompile>
    <ClCompile Include="102_Binary_Tree_Level_Order_Traversal.cpp">
      <Filter>Source Files</Filter>
    </ClCompile>
    <ClCompile Include="133_Clone_Graph.cpp">
      <Filter>Source Files</Filter>
    </ClCompile>
    <ClCompile Include="150_Eval_Reverse_Polish.cpp">
      <Filter>Source Files</Filter>
    </ClCompile>
    <ClCompile Include="207_Course_Schedule.cpp">
      <Filter>Source Files</Filter>
    </ClCompile>
    <ClCompile Include="208_Implement_Trie.cpp">
      <Filter>Source Files</Filter>
    </ClCompile>
    <ClCompile Include="322_Coin_Change.cpp">
      <Filter>Source Files</Filter>
    </ClCompile>
    <ClCompile Include="238_Product_of_Array_Except_Self.cpp">
      <Filter>Source Files</Filter>
    </ClCompile>
    <ClCompile Include="155_Min_Stack.cpp">
      <Filter>Source Files</Filter>
    </ClCompile>
    <ClCompile Include="98_Validate_BST.cpp">
      <Filter>Source Files</Filter>
    </ClCompile>
    <ClCompile Include="200_Number_of_Islands.cpp">
      <Filter>Source Files</Filter>
    </ClCompile>
    <ClCompile Include="994_Rotting_Oranges.cpp">
      <Filter>Source Files</Filter>
    </ClCompile>
    <ClCompile Include="33_Search_Rotated_Sorted_Array.cpp">
      <Filter>Source Files</Filter>
    </ClCompile>
    <ClCompile Include="39_Combination_Sum.cpp">
      <Filter>Source Files</Filter>
    </ClCompile>
    <ClCompile Include="46_Permutations.cpp">
      <Filter>Source Files</Filter>
    </ClCompile>
    <ClCompile Include="236_Binary_Tree_LCA.cpp">
      <Filter>Source Files</Filter>
    </ClCompile>
    <ClCompile Include="981_Time_Based_Map.cpp">
      <Filter>Source Files</Filter>
    </ClCompile>
    <ClCompile Include="721_Accounts_Merge.cpp">
      <Filter>Source Files</Filter>
    </ClCompile>
    <ClCompile Include="75_Sort_Colors.cpp">
      <Filter>Source Files</Filter>
    </ClCompile>
    <ClCompile Include="139_Word_Break.cpp">
      <Filter>Source Files</Filter>
    </ClCompile>
    <ClCompile Include="416_Partition_Equal_Subset_Sum.cpp">
      <Filter>Source Files</Filter>
    </ClCompile>
    <ClCompile Include="8_String_To_Int.cpp">
      <Filter>Source Files</Filter>
    </ClCompile>
    <ClCompile Include="54_Spiral_Matrix.cpp">
      <Filter>Source Files</Filter>
    </ClCompile>
    <ClCompile Include="78_Subsets.cpp">
      <Filter>Source Files</Filter>
    </ClCompile>
    <ClCompile Include="199_Binary_Tree_Right_Side.cpp">
      <Filter>Source Files</Filter>
    </ClCompile>
    <ClCompile Include="5_Longest_Palindromic_Substr.cpp">
      <Filter>Source Files</Filter>
    </ClCompile>
    <ClCompile Include="62_Unique_Paths.cpp">
      <Filter>Source Files</Filter>
    </ClCompile>
    <ClCompile Include="105_Construct_Binary_Tree.cpp">
      <Filter>Source Files</Filter>
    </ClCompile>
    <ClCompile Include="11_Container_Most_Water.cpp">
      <Filter>Source Files</Filter>
    </ClCompile>
    <ClCompile Include="17_Letter_Combos_Phone_Num.cpp">
      <Filter>Source Files</Filter>
    </ClCompile>
    <ClCompile Include="79_Word_Search.cpp">
      <Filter>Source Files</Filter>
    </ClCompile>
    <ClCompile Include="438_Find_All_Anagrams.cpp">
      <Filter>Source Files</Filter>
    </ClCompile>
    <ClCompile Include="310_Minimum_Height_Trees.cpp">
      <Filter>Source Files</Filter>
    </ClCompile>
    <ClCompile Include="338_Counting_Bits.cpp">
      <Filter>Source Files</Filter>
    </ClCompile>
    <ClCompile Include="191_Number_of_Bits.cpp">
      <Filter>Source Files</Filter>
    </ClCompile>
    <ClCompile Include="14_Longest_Common_Prefix.cpp">
      <Filter>Source Files</Filter>
    </ClCompile>
    <ClCompile Include="136_Single_Number.cpp">
      <Filter>Source Files</Filter>
    </ClCompile>
    <ClCompile Include="234_Palindrome_Linked_List.cpp">
      <Filter>Source Files</Filter>
    </ClCompile>
    <ClCompile Include="283_Move_Zeros.cpp">
      <Filter>Source Files</Filter>
    </ClCompile>
    <ClCompile Include="101_Symmetric_Tree.cpp">
      <Filter>Source Files</Filter>
    </ClCompile>
    <ClCompile Include="268_Missing_Number.cpp">
      <Filter>Source Files</Filter>
    </ClCompile>
    <ClCompile Include="9_Palindrome_Number.cpp">
      <Filter>Source Files</Filter>
    </ClCompile>
    <ClCompile Include="108_Sorted_Array_To_BST.cpp">
      <Filter>Source Files</Filter>
    </ClCompile>
    <ClCompile Include="190_Reverse_Bits.cpp">
      <Filter>Source Files</Filter>
    </ClCompile>
    <ClCompile Include="572_Subtree_Of_Another_Tree.cpp">
      <Filter>Source Files</Filter>
    </ClCompile>
    <ClCompile Include="977_Squares_Of_Sorted_Array.cpp">
      <Filter>Source Files</Filter>
    </ClCompile>
    <ClCompile Include="739_Daily_Temperatures.cpp">
      <Filter>Source Files</Filter>
    </ClCompile>
    <ClCompile Include="198_House_Robber.cpp">
      <Filter>Source Files</Filter>
    </ClCompile>
    <ClCompile Include="134_Gas_Station.cpp">
      <Filter>Source Files</Filter>
    </ClCompile>
    <ClCompile Include="31_Next_Permutation.cpp">
      <Filter>Source Files</Filter>
    </ClCompile>
    <ClCompile Include="36_Valid_Sudoku.cpp">
      <Filter>Source Files</Filter>
    </ClCompile>
    <ClCompile Include="49_Group_Anagrams.cpp">
      <Filter>Source Files</Filter>
    </ClCompile>
    <ClCompile Include="152_Max_Product_Subarray.cpp">
      <Filter>Source Files</Filter>
    </ClCompile>
    <ClCompile Include="211_Design_Add_And_Search_Words.cpp">
      <Filter>Source Files</Filter>
    </ClCompile>
    <ClCompile Include="417_Pacific_Atlantic_Water.cpp">
      <Filter>Source Files</Filter>
    </ClCompile>
    <ClCompile Include="19_Remove_Nth_Node_From_LL_End.cpp">
      <Filter>Source Files</Filter>
    </ClCompile>
    <ClCompile Include="287_Find_Duplicate_Number.cpp">
      <Filter>Source Files</Filter>
    </ClCompile>
    <ClCompile Include="692_Top_K_Freq_Words.cpp">
      <Filter>Source Files</Filter>
    </ClCompile>
    <ClCompile Include="300_Longest_Increasing_Subsequence.cpp">
      <Filter>Source Files</Filter>
    </ClCompile>
    <ClCompile Include="210_Course_Schedule_II.cpp">
      <Filter>Source Files</Filter>
    </ClCompile>
    <ClCompile Include="24_Swap_Nodes_In_Pairs.cpp">
      <Filter>Source Files</Filter>
    </ClCompile>
    <ClCompile Include="113_Path_Sum_II.cpp">
      <Filter>Source Files</Filter>
    </ClCompile>
    <ClCompile Include="128_Longest_Consecutive_Sequence.cpp">
      <Filter>Source Files</Filter>
    </ClCompile>
    <ClCompile Include="189_Rotate_Array.cpp">
      <Filter>Source Files</Filter>
    </ClCompile>
  </ItemGroup>
  <ItemGroup>
    <ClInclude Include="BinaryTree.h">
      <Filter>Header Files</Filter>
    </ClInclude>
    <ClInclude Include="TreeNode.h">
      <Filter>Header Files</Filter>
    </ClInclude>
    <ClInclude Include="ListNode.h">
      <Filter>Header Files</Filter>
    </ClInclude>
    <ClInclude Include="LinkedList.h">
      <Filter>Header Files</Filter>
    </ClInclude>
    <ClInclude Include="Node.h">
      <Filter>Header Files</Filter>
    </ClInclude>
    <ClInclude Include="Graph.h">
      <Filter>Header Files</Filter>
    </ClInclude>
    <ClInclude Include="TrieNode.h">
      <Filter>Header Files</Filter>
    </ClInclude>
    <ClInclude Include="Trie.h">
      <Filter>Header Files</Filter>
    </ClInclude>
    <ClInclude Include="MinStack.h">
      <Filter>Header Files</Filter>
    </ClInclude>
    <ClInclude Include="TimeMap.h">
      <Filter>Header Files</Filter>
    </ClInclude>
    <ClInclude Include="DisjointSet.h">
      <Filter>Header Files</Filter>
    </ClInclude>
    <ClInclude Include="WordDictionary.h">
      <Filter>Header Files</Filter>
    </ClInclude>
  </ItemGroup>
</Project>